// !$*UTF8*$!
{
	archiveVersion = 1;
	classes = {
	};
	objectVersion = 46;
	objects = {

/* Begin PBXBuildFile section */
		92C766231F59E24600BFF645 /* AppDelegate.swift in Sources */ = {isa = PBXBuildFile; fileRef = 92C766221F59E24600BFF645 /* AppDelegate.swift */; };
		92C766251F59E24600BFF645 /* ViewController.swift in Sources */ = {isa = PBXBuildFile; fileRef = 92C766241F59E24600BFF645 /* ViewController.swift */; };
		92C766281F59E24600BFF645 /* Main.storyboard in Resources */ = {isa = PBXBuildFile; fileRef = 92C766261F59E24600BFF645 /* Main.storyboard */; };
		92C7662A1F59E24600BFF645 /* Assets.xcassets in Resources */ = {isa = PBXBuildFile; fileRef = 92C766291F59E24600BFF645 /* Assets.xcassets */; };
		92C7662D1F59E24600BFF645 /* LaunchScreen.storyboard in Resources */ = {isa = PBXBuildFile; fileRef = 92C7662B1F59E24600BFF645 /* LaunchScreen.storyboard */; };
		92C766381F59E24600BFF645 /* WorldTrotterTests.swift in Sources */ = {isa = PBXBuildFile; fileRef = 92C766371F59E24600BFF645 /* WorldTrotterTests.swift */; };
		92C766431F59E24600BFF645 /* WorldTrotterUITests.swift in Sources */ = {isa = PBXBuildFile; fileRef = 92C766421F59E24600BFF645 /* WorldTrotterUITests.swift */; };
/* End PBXBuildFile section */

/* Begin PBXContainerItemProxy section */
		92C766341F59E24600BFF645 /* PBXContainerItemProxy */ = {
			isa = PBXContainerItemProxy;
			containerPortal = 92C766171F59E24600BFF645 /* Project object */;
			proxyType = 1;
			remoteGlobalIDString = 92C7661E1F59E24600BFF645;
			remoteInfo = WorldTrotter;
		};
		92C7663F1F59E24600BFF645 /* PBXContainerItemProxy */ = {
			isa = PBXContainerItemProxy;
			containerPortal = 92C766171F59E24600BFF645 /* Project object */;
			proxyType = 1;
			remoteGlobalIDString = 92C7661E1F59E24600BFF645;
			remoteInfo = WorldTrotter;
		};
/* End PBXContainerItemProxy section */

/* Begin PBXFileReference section */
		92C7661F1F59E24600BFF645 /* WorldTrotter.app */ = {isa = PBXFileReference; explicitFileType = wrapper.application; includeInIndex = 0; path = WorldTrotter.app; sourceTree = BUILT_PRODUCTS_DIR; };
		92C766221F59E24600BFF645 /* AppDelegate.swift */ = {isa = PBXFileReference; lastKnownFileType = sourcecode.swift; path = AppDelegate.swift; sourceTree = "<group>"; };
		92C766241F59E24600BFF645 /* ViewController.swift */ = {isa = PBXFileReference; lastKnownFileType = sourcecode.swift; path = ViewController.swift; sourceTree = "<group>"; };
		92C766271F59E24600BFF645 /* Base */ = {isa = PBXFileReference; lastKnownFileType = file.storyboard; name = Base; path = Base.lproj/Main.storyboard; sourceTree = "<group>"; };
		92C766291F59E24600BFF645 /* Assets.xcassets */ = {isa = PBXFileReference; lastKnownFileType = folder.assetcatalog; path = Assets.xcassets; sourceTree = "<group>"; };
		92C7662C1F59E24600BFF645 /* Base */ = {isa = PBXFileReference; lastKnownFileType = file.storyboard; name = Base; path = Base.lproj/LaunchScreen.storyboard; sourceTree = "<group>"; };
		92C7662E1F59E24600BFF645 /* Info.plist */ = {isa = PBXFileReference; lastKnownFileType = text.plist.xml; path = Info.plist; sourceTree = "<group>"; };
		92C766331F59E24600BFF645 /* WorldTrotterTests.xctest */ = {isa = PBXFileReference; explicitFileType = wrapper.cfbundle; includeInIndex = 0; path = WorldTrotterTests.xctest; sourceTree = BUILT_PRODUCTS_DIR; };
		92C766371F59E24600BFF645 /* WorldTrotterTests.swift */ = {isa = PBXFileReference; lastKnownFileType = sourcecode.swift; path = WorldTrotterTests.swift; sourceTree = "<group>"; };
		92C766391F59E24600BFF645 /* Info.plist */ = {isa = PBXFileReference; lastKnownFileType = text.plist.xml; path = Info.plist; sourceTree = "<group>"; };
		92C7663E1F59E24600BFF645 /* WorldTrotterUITests.xctest */ = {isa = PBXFileReference; explicitFileType = wrapper.cfbundle; includeInIndex = 0; path = WorldTrotterUITests.xctest; sourceTree = BUILT_PRODUCTS_DIR; };
		92C766421F59E24600BFF645 /* WorldTrotterUITests.swift */ = {isa = PBXFileReference; lastKnownFileType = sourcecode.swift; path = WorldTrotterUITests.swift; sourceTree = "<group>"; };
		92C766441F59E24600BFF645 /* Info.plist */ = {isa = PBXFileReference; lastKnownFileType = text.plist.xml; path = Info.plist; sourceTree = "<group>"; };
/* End PBXFileReference section */

/* Begin PBXFrameworksBuildPhase section */
		92C7661C1F59E24600BFF645 /* Frameworks */ = {
			isa = PBXFrameworksBuildPhase;
			buildActionMask = 2147483647;
			files = (
			);
			runOnlyForDeploymentPostprocessing = 0;
		};
		92C766301F59E24600BFF645 /* Frameworks */ = {
			isa = PBXFrameworksBuildPhase;
			buildActionMask = 2147483647;
			files = (
			);
			runOnlyForDeploymentPostprocessing = 0;
		};
		92C7663B1F59E24600BFF645 /* Frameworks */ = {
			isa = PBXFrameworksBuildPhase;
			buildActionMask = 2147483647;
			files = (
			);
			runOnlyForDeploymentPostprocessing = 0;
		};
/* End PBXFrameworksBuildPhase section */

/* Begin PBXGroup section */
		92C766161F59E24600BFF645 = {
			isa = PBXGroup;
			children = (
				92C766211F59E24600BFF645 /* WorldTrotter */,
				92C766361F59E24600BFF645 /* WorldTrotterTests */,
				92C766411F59E24600BFF645 /* WorldTrotterUITests */,
				92C766201F59E24600BFF645 /* Products */,
			);
			sourceTree = "<group>";
		};
		92C766201F59E24600BFF645 /* Products */ = {
			isa = PBXGroup;
			children = (
				92C7661F1F59E24600BFF645 /* WorldTrotter.app */,
				92C766331F59E24600BFF645 /* WorldTrotterTests.xctest */,
				92C7663E1F59E24600BFF645 /* WorldTrotterUITests.xctest */,
			);
			name = Products;
			sourceTree = "<group>";
		};
		92C766211F59E24600BFF645 /* WorldTrotter */ = {
			isa = PBXGroup;
			children = (
				92C766221F59E24600BFF645 /* AppDelegate.swift */,
				92C766241F59E24600BFF645 /* ViewController.swift */,
				92C766261F59E24600BFF645 /* Main.storyboard */,
				92C766291F59E24600BFF645 /* Assets.xcassets */,
				92C7662B1F59E24600BFF645 /* LaunchScreen.storyboard */,
				92C7662E1F59E24600BFF645 /* Info.plist */,
			);
			path = WorldTrotter;
			sourceTree = "<group>";
		};
		92C766361F59E24600BFF645 /* WorldTrotterTests */ = {
			isa = PBXGroup;
			children = (
				92C766371F59E24600BFF645 /* WorldTrotterTests.swift */,
				92C766391F59E24600BFF645 /* Info.plist */,
			);
			path = WorldTrotterTests;
			sourceTree = "<group>";
		};
		92C766411F59E24600BFF645 /* WorldTrotterUITests */ = {
			isa = PBXGroup;
			children = (
				92C766421F59E24600BFF645 /* WorldTrotterUITests.swift */,
				92C766441F59E24600BFF645 /* Info.plist */,
			);
			path = WorldTrotterUITests;
			sourceTree = "<group>";
		};
/* End PBXGroup section */

/* Begin PBXNativeTarget section */
		92C7661E1F59E24600BFF645 /* WorldTrotter */ = {
			isa = PBXNativeTarget;
			buildConfigurationList = 92C766471F59E24600BFF645 /* Build configuration list for PBXNativeTarget "WorldTrotter" */;
			buildPhases = (
				92C7661B1F59E24600BFF645 /* Sources */,
				92C7661C1F59E24600BFF645 /* Frameworks */,
				92C7661D1F59E24600BFF645 /* Resources */,
			);
			buildRules = (
			);
			dependencies = (
			);
			name = WorldTrotter;
			productName = WorldTrotter;
			productReference = 92C7661F1F59E24600BFF645 /* WorldTrotter.app */;
			productType = "com.apple.product-type.application";
		};
		92C766321F59E24600BFF645 /* WorldTrotterTests */ = {
			isa = PBXNativeTarget;
			buildConfigurationList = 92C7664A1F59E24600BFF645 /* Build configuration list for PBXNativeTarget "WorldTrotterTests" */;
			buildPhases = (
				92C7662F1F59E24600BFF645 /* Sources */,
				92C766301F59E24600BFF645 /* Frameworks */,
				92C766311F59E24600BFF645 /* Resources */,
			);
			buildRules = (
			);
			dependencies = (
				92C766351F59E24600BFF645 /* PBXTargetDependency */,
			);
			name = WorldTrotterTests;
			productName = WorldTrotterTests;
			productReference = 92C766331F59E24600BFF645 /* WorldTrotterTests.xctest */;
			productType = "com.apple.product-type.bundle.unit-test";
		};
		92C7663D1F59E24600BFF645 /* WorldTrotterUITests */ = {
			isa = PBXNativeTarget;
			buildConfigurationList = 92C7664D1F59E24600BFF645 /* Build configuration list for PBXNativeTarget "WorldTrotterUITests" */;
			buildPhases = (
				92C7663A1F59E24600BFF645 /* Sources */,
				92C7663B1F59E24600BFF645 /* Frameworks */,
				92C7663C1F59E24600BFF645 /* Resources */,
			);
			buildRules = (
			);
			dependencies = (
				92C766401F59E24600BFF645 /* PBXTargetDependency */,
			);
			name = WorldTrotterUITests;
			productName = WorldTrotterUITests;
			productReference = 92C7663E1F59E24600BFF645 /* WorldTrotterUITests.xctest */;
			productType = "com.apple.product-type.bundle.ui-testing";
		};
/* End PBXNativeTarget section */

/* Begin PBXProject section */
		92C766171F59E24600BFF645 /* Project object */ = {
			isa = PBXProject;
			attributes = {
				LastSwiftUpdateCheck = 0830;
				LastUpgradeCheck = 0830;
				ORGANIZATIONNAME = "Soph Shaw";
				TargetAttributes = {
					92C7661E1F59E24600BFF645 = {
						CreatedOnToolsVersion = 8.3.3;
						ProvisioningStyle = Automatic;
					};
					92C766321F59E24600BFF645 = {
						CreatedOnToolsVersion = 8.3.3;
						ProvisioningStyle = Automatic;
						TestTargetID = 92C7661E1F59E24600BFF645;
					};
					92C7663D1F59E24600BFF645 = {
						CreatedOnToolsVersion = 8.3.3;
						ProvisioningStyle = Automatic;
						TestTargetID = 92C7661E1F59E24600BFF645;
					};
				};
			};
			buildConfigurationList = 92C7661A1F59E24600BFF645 /* Build configuration list for PBXProject "WorldTrotter" */;
			compatibilityVersion = "Xcode 3.2";
			developmentRegion = English;
			hasScannedForEncodings = 0;
			knownRegions = (
				en,
				Base,
			);
			mainGroup = 92C766161F59E24600BFF645;
			productRefGroup = 92C766201F59E24600BFF645 /* Products */;
			projectDirPath = "";
			projectRoot = "";
			targets = (
				92C7661E1F59E24600BFF645 /* WorldTrotter */,
				92C766321F59E24600BFF645 /* WorldTrotterTests */,
				92C7663D1F59E24600BFF645 /* WorldTrotterUITests */,
			);
		};
/* End PBXProject section */

/* Begin PBXResourcesBuildPhase section */
		92C7661D1F59E24600BFF645 /* Resources */ = {
			isa = PBXResourcesBuildPhase;
			buildActionMask = 2147483647;
			files = (
				92C7662D1F59E24600BFF645 /* LaunchScreen.storyboard in Resources */,
				92C7662A1F59E24600BFF645 /* Assets.xcassets in Resources */,
				92C766281F59E24600BFF645 /* Main.storyboard in Resources */,
			);
			runOnlyForDeploymentPostprocessing = 0;
		};
		92C766311F59E24600BFF645 /* Resources */ = {
			isa = PBXResourcesBuildPhase;
			buildActionMask = 2147483647;
			files = (
			);
			runOnlyForDeploymentPostprocessing = 0;
		};
		92C7663C1F59E24600BFF645 /* Resources */ = {
			isa = PBXResourcesBuildPhase;
			buildActionMask = 2147483647;
			files = (
			);
			runOnlyForDeploymentPostprocessing = 0;
		};
/* End PBXResourcesBuildPhase section */

/* Begin PBXSourcesBuildPhase section */
		92C7661B1F59E24600BFF645 /* Sources */ = {
			isa = PBXSourcesBuildPhase;
			buildActionMask = 2147483647;
			files = (
				92C766251F59E24600BFF645 /* ViewController.swift in Sources */,
				92C766231F59E24600BFF645 /* AppDelegate.swift in Sources */,
			);
			runOnlyForDeploymentPostprocessing = 0;
		};
		92C7662F1F59E24600BFF645 /* Sources */ = {
			isa = PBXSourcesBuildPhase;
			buildActionMask = 2147483647;
			files = (
				92C766381F59E24600BFF645 /* WorldTrotterTests.swift in Sources */,
			);
			runOnlyForDeploymentPostprocessing = 0;
		};
		92C7663A1F59E24600BFF645 /* Sources */ = {
			isa = PBXSourcesBuildPhase;
			buildActionMask = 2147483647;
			files = (
				92C766431F59E24600BFF645 /* WorldTrotterUITests.swift in Sources */,
			);
			runOnlyForDeploymentPostprocessing = 0;
		};
/* End PBXSourcesBuildPhase section */

/* Begin PBXTargetDependency section */
		92C766351F59E24600BFF645 /* PBXTargetDependency */ = {
			isa = PBXTargetDependency;
			target = 92C7661E1F59E24600BFF645 /* WorldTrotter */;
			targetProxy = 92C766341F59E24600BFF645 /* PBXContainerItemProxy */;
		};
		92C766401F59E24600BFF645 /* PBXTargetDependency */ = {
			isa = PBXTargetDependency;
			target = 92C7661E1F59E24600BFF645 /* WorldTrotter */;
			targetProxy = 92C7663F1F59E24600BFF645 /* PBXContainerItemProxy */;
		};
/* End PBXTargetDependency section */

/* Begin PBXVariantGroup section */
		92C766261F59E24600BFF645 /* Main.storyboard */ = {
			isa = PBXVariantGroup;
			children = (
				92C766271F59E24600BFF645 /* Base */,
			);
			name = Main.storyboard;
			sourceTree = "<group>";
		};
		92C7662B1F59E24600BFF645 /* LaunchScreen.storyboard */ = {
			isa = PBXVariantGroup;
			children = (
				92C7662C1F59E24600BFF645 /* Base */,
			);
			name = LaunchScreen.storyboard;
			sourceTree = "<group>";
		};
/* End PBXVariantGroup section */

/* Begin XCBuildConfiguration section */
		92C766451F59E24600BFF645 /* Debug */ = {
			isa = XCBuildConfiguration;
			buildSettings = {
				ALWAYS_SEARCH_USER_PATHS = NO;
				CLANG_ANALYZER_NONNULL = YES;
				CLANG_ANALYZER_NUMBER_OBJECT_CONVERSION = YES_AGGRESSIVE;
				CLANG_CXX_LANGUAGE_STANDARD = "gnu++0x";
				CLANG_CXX_LIBRARY = "libc++";
				CLANG_ENABLE_MODULES = YES;
				CLANG_ENABLE_OBJC_ARC = YES;
				CLANG_WARN_BOOL_CONVERSION = YES;
				CLANG_WARN_CONSTANT_CONVERSION = YES;
				CLANG_WARN_DIRECT_OBJC_ISA_USAGE = YES_ERROR;
				CLANG_WARN_DOCUMENTATION_COMMENTS = YES;
				CLANG_WARN_EMPTY_BODY = YES;
				CLANG_WARN_ENUM_CONVERSION = YES;
				CLANG_WARN_INFINITE_RECURSION = YES;
				CLANG_WARN_INT_CONVERSION = YES;
				CLANG_WARN_OBJC_ROOT_CLASS = YES_ERROR;
				CLANG_WARN_SUSPICIOUS_MOVE = YES;
				CLANG_WARN_UNREACHABLE_CODE = YES;
				CLANG_WARN__DUPLICATE_METHOD_MATCH = YES;
				"CODE_SIGN_IDENTITY[sdk=iphoneos*]" = "iPhone Developer";
				COPY_PHASE_STRIP = NO;
				DEBUG_INFORMATION_FORMAT = dwarf;
				ENABLE_STRICT_OBJC_MSGSEND = YES;
				ENABLE_TESTABILITY = YES;
				GCC_C_LANGUAGE_STANDARD = gnu99;
				GCC_DYNAMIC_NO_PIC = NO;
				GCC_NO_COMMON_BLOCKS = YES;
				GCC_OPTIMIZATION_LEVEL = 0;
				GCC_PREPROCESSOR_DEFINITIONS = (
					"DEBUG=1",
					"$(inherited)",
				);
				GCC_WARN_64_TO_32_BIT_CONVERSION = YES;
				GCC_WARN_ABOUT_RETURN_TYPE = YES_ERROR;
				GCC_WARN_UNDECLARED_SELECTOR = YES;
				GCC_WARN_UNINITIALIZED_AUTOS = YES_AGGRESSIVE;
				GCC_WARN_UNUSED_FUNCTION = YES;
				GCC_WARN_UNUSED_VARIABLE = YES;
				IPHONEOS_DEPLOYMENT_TARGET = 10.3;
				MTL_ENABLE_DEBUG_INFO = YES;
				ONLY_ACTIVE_ARCH = YES;
				SDKROOT = iphoneos;
				SWIFT_ACTIVE_COMPILATION_CONDITIONS = DEBUG;
				SWIFT_OPTIMIZATION_LEVEL = "-Onone";
				TARGETED_DEVICE_FAMILY = "1,2";
			};
			name = Debug;
		};
		92C766461F59E24600BFF645 /* Release */ = {
			isa = XCBuildConfiguration;
			buildSettings = {
				ALWAYS_SEARCH_USER_PATHS = NO;
				CLANG_ANALYZER_NONNULL = YES;
				CLANG_ANALYZER_NUMBER_OBJECT_CONVERSION = YES_AGGRESSIVE;
				CLANG_CXX_LANGUAGE_STANDARD = "gnu++0x";
				CLANG_CXX_LIBRARY = "libc++";
				CLANG_ENABLE_MODULES = YES;
				CLANG_ENABLE_OBJC_ARC = YES;
				CLANG_WARN_BOOL_CONVERSION = YES;
				CLANG_WARN_CONSTANT_CONVERSION = YES;
				CLANG_WARN_DIRECT_OBJC_ISA_USAGE = YES_ERROR;
				CLANG_WARN_DOCUMENTATION_COMMENTS = YES;
				CLANG_WARN_EMPTY_BODY = YES;
				CLANG_WARN_ENUM_CONVERSION = YES;
				CLANG_WARN_INFINITE_RECURSION = YES;
				CLANG_WARN_INT_CONVERSION = YES;
				CLANG_WARN_OBJC_ROOT_CLASS = YES_ERROR;
				CLANG_WARN_SUSPICIOUS_MOVE = YES;
				CLANG_WARN_UNREACHABLE_CODE = YES;
				CLANG_WARN__DUPLICATE_METHOD_MATCH = YES;
				"CODE_SIGN_IDENTITY[sdk=iphoneos*]" = "iPhone Developer";
				COPY_PHASE_STRIP = NO;
				DEBUG_INFORMATION_FORMAT = "dwarf-with-dsym";
				ENABLE_NS_ASSERTIONS = NO;
				ENABLE_STRICT_OBJC_MSGSEND = YES;
				GCC_C_LANGUAGE_STANDARD = gnu99;
				GCC_NO_COMMON_BLOCKS = YES;
				GCC_WARN_64_TO_32_BIT_CONVERSION = YES;
				GCC_WARN_ABOUT_RETURN_TYPE = YES_ERROR;
				GCC_WARN_UNDECLARED_SELECTOR = YES;
				GCC_WARN_UNINITIALIZED_AUTOS = YES_AGGRESSIVE;
				GCC_WARN_UNUSED_FUNCTION = YES;
				GCC_WARN_UNUSED_VARIABLE = YES;
				IPHONEOS_DEPLOYMENT_TARGET = 10.3;
				MTL_ENABLE_DEBUG_INFO = NO;
				SDKROOT = iphoneos;
				SWIFT_OPTIMIZATION_LEVEL = "-Owholemodule";
				TARGETED_DEVICE_FAMILY = "1,2";
				VALIDATE_PRODUCT = YES;
			};
			name = Release;
		};
		92C766481F59E24600BFF645 /* Debug */ = {
			isa = XCBuildConfiguration;
			buildSettings = {
				ASSETCATALOG_COMPILER_APPICON_NAME = AppIcon;
				INFOPLIST_FILE = WorldTrotter/Info.plist;
				LD_RUNPATH_SEARCH_PATHS = "$(inherited) @executable_path/Frameworks";
				PRODUCT_BUNDLE_IDENTIFIER = com.SS.WorldTrotter;
				PRODUCT_NAME = "$(TARGET_NAME)";
				SWIFT_VERSION = 3.0;
			};
			name = Debug;
		};
		92C766491F59E24600BFF645 /* Release */ = {
			isa = XCBuildConfiguration;
			buildSettings = {
				ASSETCATALOG_COMPILER_APPICON_NAME = AppIcon;
				INFOPLIST_FILE = WorldTrotter/Info.plist;
				LD_RUNPATH_SEARCH_PATHS = "$(inherited) @executable_path/Frameworks";
				PRODUCT_BUNDLE_IDENTIFIER = com.SS.WorldTrotter;
				PRODUCT_NAME = "$(TARGET_NAME)";
				SWIFT_VERSION = 3.0;
			};
			name = Release;
		};
		92C7664B1F59E24600BFF645 /* Debug */ = {
			isa = XCBuildConfiguration;
			buildSettings = {
				ALWAYS_EMBED_SWIFT_STANDARD_LIBRARIES = YES;
				BUNDLE_LOADER = "$(TEST_HOST)";
				INFOPLIST_FILE = WorldTrotterTests/Info.plist;
				LD_RUNPATH_SEARCH_PATHS = "$(inherited) @executable_path/Frameworks @loader_path/Frameworks";
				PRODUCT_BUNDLE_IDENTIFIER = com.SS.WorldTrotterTests;
				PRODUCT_NAME = "$(TARGET_NAME)";
				SWIFT_VERSION = 3.0;
				TEST_HOST = "$(BUILT_PRODUCTS_DIR)/WorldTrotter.app/WorldTrotter";
			};
			name = Debug;
		};
		92C7664C1F59E24600BFF645 /* Release */ = {
			isa = XCBuildConfiguration;
			buildSettings = {
				ALWAYS_EMBED_SWIFT_STANDARD_LIBRARIES = YES;
				BUNDLE_LOADER = "$(TEST_HOST)";
				INFOPLIST_FILE = WorldTrotterTests/Info.plist;
				LD_RUNPATH_SEARCH_PATHS = "$(inherited) @executable_path/Frameworks @loader_path/Frameworks";
				PRODUCT_BUNDLE_IDENTIFIER = com.SS.WorldTrotterTests;
				PRODUCT_NAME = "$(TARGET_NAME)";
				SWIFT_VERSION = 3.0;
				TEST_HOST = "$(BUILT_PRODUCTS_DIR)/WorldTrotter.app/WorldTrotter";
			};
			name = Release;
		};
		92C7664E1F59E24600BFF645 /* Debug */ = {
			isa = XCBuildConfiguration;
			buildSettings = {
				ALWAYS_EMBED_SWIFT_STANDARD_LIBRARIES = YES;
				INFOPLIST_FILE = WorldTrotterUITests/Info.plist;
				LD_RUNPATH_SEARCH_PATHS = "$(inherited) @executable_path/Frameworks @loader_path/Frameworks";
				PRODUCT_BUNDLE_IDENTIFIER = com.SS.WorldTrotterUITests;
				PRODUCT_NAME = "$(TARGET_NAME)";
				SWIFT_VERSION = 3.0;
				TEST_TARGET_NAME = WorldTrotter;
			};
			name = Debug;
		};
		92C7664F1F59E24600BFF645 /* Release */ = {
			isa = XCBuildConfiguration;
			buildSettings = {
				ALWAYS_EMBED_SWIFT_STANDARD_LIBRARIES = YES;
				INFOPLIST_FILE = WorldTrotterUITests/Info.plist;
				LD_RUNPATH_SEARCH_PATHS = "$(inherited) @executable_path/Frameworks @loader_path/Frameworks";
				PRODUCT_BUNDLE_IDENTIFIER = com.SS.WorldTrotterUITests;
				PRODUCT_NAME = "$(TARGET_NAME)";
				SWIFT_VERSION = 3.0;
				TEST_TARGET_NAME = WorldTrotter;
			};
			name = Release;
		};
/* End XCBuildConfiguration section */

/* Begin XCConfigurationList section */
		92C7661A1F59E24600BFF645 /* Build configuration list for PBXProject "WorldTrotter" */ = {
			isa = XCConfigurationList;
			buildConfigurations = (
				92C766451F59E24600BFF645 /* Debug */,
				92C766461F59E24600BFF645 /* Release */,
			);
			defaultConfigurationIsVisible = 0;
			defaultConfigurationName = Release;
		};
		92C766471F59E24600BFF645 /* Build configuration list for PBXNativeTarget "WorldTrotter" */ = {
			isa = XCConfigurationList;
			buildConfigurations = (
				92C766481F59E24600BFF645 /* Debug */,
				92C766491F59E24600BFF645 /* Release */,
			);
			defaultConfigurationIsVisible = 0;
		};
		92C7664A1F59E24600BFF645 /* Build configuration list for PBXNativeTarget "WorldTrotterTests" */ = {
			isa = XCConfigurationList;
			buildConfigurations = (
				92C7664B1F59E24600BFF645 /* Debug */,
				92C7664C1F59E24600BFF645 /* Release */,
			);
			defaultConfigurationIsVisible = 0;
		};
		92C7664D1F59E24600BFF645 /* Build configuration list for PBXNativeTarget "WorldTrotterUITests" */ = {
			isa = XCConfigurationList;
			buildConfigurations = (
				92C7664E1F59E24600BFF645 /* Debug */,
				92C7664F1F59E24600BFF645 /* Release */,
			);
			defaultConfigurationIsVisible = 0;
		};
/* End XCConfigurationList section */
	};
	rootObject = 92C766171F59E24600BFF645 /* Project object */;
}
